// !$*UTF8*$!
{
	archiveVersion = 1;
	classes = {
	};
	objectVersion = 55;
	objects = {

/* Begin PBXBuildFile section */
		3FC546A3A6DC57176EDB9565 /* Pods_MacApp.framework in Frameworks */ = {isa = PBXBuildFile; fileRef = 82BFDAA3039F04D81AF04699 /* Pods_MacApp.framework */; };
		E51B4CC128693B340012E17B /* Cocoa.framework in Frameworks */ = {isa = PBXBuildFile; fileRef = E51B4CC028693B330012E17B /* Cocoa.framework */; };
		E5340B4F2864001A008F27F2 /* NoticeView.m in Sources */ = {isa = PBXBuildFile; fileRef = E5340B4E2864001A008F27F2 /* NoticeView.m */; };
		E59E69442864798F00DBD64E /* Info.plist in Resources */ = {isa = PBXBuildFile; fileRef = E59E69432864798F00DBD64E /* Info.plist */; };
		E5D8EFC5285B0FA2000C47E4 /* Assets.xcassets in Resources */ = {isa = PBXBuildFile; fileRef = E5D8EFC4285B0FA2000C47E4 /* Assets.xcassets */; };
		E5D8EFC8285B0FA2000C47E4 /* Main.storyboard in Resources */ = {isa = PBXBuildFile; fileRef = E5D8EFC6285B0FA2000C47E4 /* Main.storyboard */; };
		E5D8EFCA285B0FA2000C47E4 /* main.m in Sources */ = {isa = PBXBuildFile; fileRef = E5D8EFC9285B0FA2000C47E4 /* main.m */; };
		E5D8EFD7285B0FB3000C47E4 /* ViewController.m in Sources */ = {isa = PBXBuildFile; fileRef = E5D8EFD2285B0FB3000C47E4 /* ViewController.m */; };
		E5D8EFD8285B0FB3000C47E4 /* AppDelegate.m in Sources */ = {isa = PBXBuildFile; fileRef = E5D8EFD3285B0FB3000C47E4 /* AppDelegate.m */; };
		E5D8EFD9285B0FB3000C47E4 /* SystemPrivacyManager.m in Sources */ = {isa = PBXBuildFile; fileRef = E5D8EFD6285B0FB3000C47E4 /* SystemPrivacyManager.m */; };
		E5D8EFDC285B1086000C47E4 /* AVKit.framework in Frameworks */ = {isa = PBXBuildFile; fileRef = E5D8EFDB285B1086000C47E4 /* AVKit.framework */; };
		E5D8EFDE285B1091000C47E4 /* WebKit.framework in Frameworks */ = {isa = PBXBuildFile; fileRef = E5D8EFDD285B1091000C47E4 /* WebKit.framework */; };
		E5D8EFE2285B1760000C47E4 /* VTSimplePlayer.m in Sources */ = {isa = PBXBuildFile; fileRef = E5D8EFE1285B1760000C47E4 /* VTSimplePlayer.m */; };
		E5D8EFE5285B187A000C47E4 /* VTMP4Encoder.m in Sources */ = {isa = PBXBuildFile; fileRef = E5D8EFE3285B187A000C47E4 /* VTMP4Encoder.m */; };
/* End PBXBuildFile section */

/* Begin PBXFileReference section */
		5585C98DDD5F418BFD2151F1 /* Pods-MacApp.debug.xcconfig */ = {isa = PBXFileReference; includeInIndex = 1; lastKnownFileType = text.xcconfig; name = "Pods-MacApp.debug.xcconfig"; path = "Target Support Files/Pods-MacApp/Pods-MacApp.debug.xcconfig"; sourceTree = "<group>"; };
		59543FC2C9E6DFE0E136A1E6 /* Pods-MacApp.release.xcconfig */ = {isa = PBXFileReference; includeInIndex = 1; lastKnownFileType = text.xcconfig; name = "Pods-MacApp.release.xcconfig"; path = "Target Support Files/Pods-MacApp/Pods-MacApp.release.xcconfig"; sourceTree = "<group>"; };
		82BFDAA3039F04D81AF04699 /* Pods_MacApp.framework */ = {isa = PBXFileReference; explicitFileType = wrapper.framework; includeInIndex = 0; path = Pods_MacApp.framework; sourceTree = BUILT_PRODUCTS_DIR; };
		E51B4CC028693B330012E17B /* Cocoa.framework */ = {isa = PBXFileReference; lastKnownFileType = wrapper.framework; name = Cocoa.framework; path = System/Library/Frameworks/Cocoa.framework; sourceTree = SDKROOT; };
		E5340B4D2864001A008F27F2 /* NoticeView.h */ = {isa = PBXFileReference; lastKnownFileType = sourcecode.c.h; path = NoticeView.h; sourceTree = "<group>"; };
		E5340B4E2864001A008F27F2 /* NoticeView.m */ = {isa = PBXFileReference; lastKnownFileType = sourcecode.c.objc; path = NoticeView.m; sourceTree = "<group>"; };
		E59E69432864798F00DBD64E /* Info.plist */ = {isa = PBXFileReference; fileEncoding = 4; lastKnownFileType = text.plist.xml; path = Info.plist; sourceTree = "<group>"; };
		E5D8EFBB285B0F9F000C47E4 /* MacApp.app */ = {isa = PBXFileReference; explicitFileType = wrapper.application; includeInIndex = 0; path = MacApp.app; sourceTree = BUILT_PRODUCTS_DIR; };
		E5D8EFC4285B0FA2000C47E4 /* Assets.xcassets */ = {isa = PBXFileReference; lastKnownFileType = folder.assetcatalog; path = Assets.xcassets; sourceTree = "<group>"; };
		E5D8EFC7285B0FA2000C47E4 /* Base */ = {isa = PBXFileReference; lastKnownFileType = file.storyboard; name = Base; path = Base.lproj/Main.storyboard; sourceTree = "<group>"; };
		E5D8EFC9285B0FA2000C47E4 /* main.m */ = {isa = PBXFileReference; lastKnownFileType = sourcecode.c.objc; path = main.m; sourceTree = "<group>"; };
		E5D8EFCB285B0FA2000C47E4 /* MacApp.entitlements */ = {isa = PBXFileReference; lastKnownFileType = text.plist.entitlements; path = MacApp.entitlements; sourceTree = "<group>"; };
		E5D8EFD1285B0FB3000C47E4 /* ViewController.h */ = {isa = PBXFileReference; fileEncoding = 4; lastKnownFileType = sourcecode.c.h; path = ViewController.h; sourceTree = "<group>"; };
		E5D8EFD2285B0FB3000C47E4 /* ViewController.m */ = {isa = PBXFileReference; fileEncoding = 4; lastKnownFileType = sourcecode.c.objc; path = ViewController.m; sourceTree = "<group>"; };
		E5D8EFD3285B0FB3000C47E4 /* AppDelegate.m */ = {isa = PBXFileReference; fileEncoding = 4; lastKnownFileType = sourcecode.c.objc; path = AppDelegate.m; sourceTree = "<group>"; };
		E5D8EFD4285B0FB3000C47E4 /* AppDelegate.h */ = {isa = PBXFileReference; fileEncoding = 4; lastKnownFileType = sourcecode.c.h; path = AppDelegate.h; sourceTree = "<group>"; };
		E5D8EFD5285B0FB3000C47E4 /* SystemPrivacyManager.h */ = {isa = PBXFileReference; fileEncoding = 4; lastKnownFileType = sourcecode.c.h; path = SystemPrivacyManager.h; sourceTree = "<group>"; };
		E5D8EFD6285B0FB3000C47E4 /* SystemPrivacyManager.m */ = {isa = PBXFileReference; fileEncoding = 4; lastKnownFileType = sourcecode.c.objc; path = SystemPrivacyManager.m; sourceTree = "<group>"; };
		E5D8EFDB285B1086000C47E4 /* AVKit.framework */ = {isa = PBXFileReference; lastKnownFileType = wrapper.framework; name = AVKit.framework; path = System/Library/Frameworks/AVKit.framework; sourceTree = SDKROOT; };
		E5D8EFDD285B1091000C47E4 /* WebKit.framework */ = {isa = PBXFileReference; lastKnownFileType = wrapper.framework; name = WebKit.framework; path = System/Library/Frameworks/WebKit.framework; sourceTree = SDKROOT; };
		E5D8EFE0285B1760000C47E4 /* VTSimplePlayer.h */ = {isa = PBXFileReference; fileEncoding = 4; lastKnownFileType = sourcecode.c.h; path = VTSimplePlayer.h; sourceTree = "<group>"; };
		E5D8EFE1285B1760000C47E4 /* VTSimplePlayer.m */ = {isa = PBXFileReference; fileEncoding = 4; lastKnownFileType = sourcecode.c.objc; path = VTSimplePlayer.m; sourceTree = "<group>"; };
		E5D8EFE3285B187A000C47E4 /* VTMP4Encoder.m */ = {isa = PBXFileReference; fileEncoding = 4; lastKnownFileType = sourcecode.c.objc; path = VTMP4Encoder.m; sourceTree = "<group>"; };
		E5D8EFE4285B187A000C47E4 /* VTMP4Encoder.h */ = {isa = PBXFileReference; fileEncoding = 4; lastKnownFileType = sourcecode.c.h; path = VTMP4Encoder.h; sourceTree = "<group>"; };
/* End PBXFileReference section */

/* Begin PBXFrameworksBuildPhase section */
		E5D8EFB8285B0F9F000C47E4 /* Frameworks */ = {
			isa = PBXFrameworksBuildPhase;
			buildActionMask = 2147483647;
			files = (
				E51B4CC128693B340012E17B /* Cocoa.framework in Frameworks */,
				E5D8EFDE285B1091000C47E4 /* WebKit.framework in Frameworks */,
				E5D8EFDC285B1086000C47E4 /* AVKit.framework in Frameworks */,
				3FC546A3A6DC57176EDB9565 /* Pods_MacApp.framework in Frameworks */,
			);
			runOnlyForDeploymentPostprocessing = 0;
		};
/* End PBXFrameworksBuildPhase section */

/* Begin PBXGroup section */
		E5D8EFB2285B0F9F000C47E4 = {
			isa = PBXGroup;
			children = (
				E5D8EFBD285B0F9F000C47E4 /* MacApp */,
				E5D8EFBC285B0F9F000C47E4 /* Products */,
				E5D8EFDA285B1086000C47E4 /* Frameworks */,
				EF713BF976E286A87E8652A3 /* Pods */,
			);
			sourceTree = "<group>";
		};
		E5D8EFBC285B0F9F000C47E4 /* Products */ = {
			isa = PBXGroup;
			children = (
				E5D8EFBB285B0F9F000C47E4 /* MacApp.app */,
			);
			name = Products;
			sourceTree = "<group>";
		};
		E5D8EFBD285B0F9F000C47E4 /* MacApp */ = {
			isa = PBXGroup;
			children = (
				E59E69432864798F00DBD64E /* Info.plist */,
				E5D8EFD4285B0FB3000C47E4 /* AppDelegate.h */,
				E5D8EFD3285B0FB3000C47E4 /* AppDelegate.m */,
				E5D8EFD5285B0FB3000C47E4 /* SystemPrivacyManager.h */,
				E5D8EFD6285B0FB3000C47E4 /* SystemPrivacyManager.m */,
				E5D8EFD1285B0FB3000C47E4 /* ViewController.h */,
				E5D8EFD2285B0FB3000C47E4 /* ViewController.m */,
				E5D8EFE0285B1760000C47E4 /* VTSimplePlayer.h */,
				E5D8EFE1285B1760000C47E4 /* VTSimplePlayer.m */,
				E5D8EFE4285B187A000C47E4 /* VTMP4Encoder.h */,
				E5D8EFE3285B187A000C47E4 /* VTMP4Encoder.m */,
				E5340B4D2864001A008F27F2 /* NoticeView.h */,
				E5340B4E2864001A008F27F2 /* NoticeView.m */,
				E5D8EFC4285B0FA2000C47E4 /* Assets.xcassets */,
				E5D8EFC6285B0FA2000C47E4 /* Main.storyboard */,
				E5D8EFC9285B0FA2000C47E4 /* main.m */,
				E5D8EFCB285B0FA2000C47E4 /* MacApp.entitlements */,
			);
			path = MacApp;
			sourceTree = "<group>";
		};
		E5D8EFDA285B1086000C47E4 /* Frameworks */ = {
			isa = PBXGroup;
			children = (
				E51B4CC028693B330012E17B /* Cocoa.framework */,
				E5D8EFDD285B1091000C47E4 /* WebKit.framework */,
				E5D8EFDB285B1086000C47E4 /* AVKit.framework */,
				82BFDAA3039F04D81AF04699 /* Pods_MacApp.framework */,
			);
			name = Frameworks;
			sourceTree = "<group>";
		};
		EF713BF976E286A87E8652A3 /* Pods */ = {
			isa = PBXGroup;
			children = (
				5585C98DDD5F418BFD2151F1 /* Pods-MacApp.debug.xcconfig */,
				59543FC2C9E6DFE0E136A1E6 /* Pods-MacApp.release.xcconfig */,
			);
			path = Pods;
			sourceTree = "<group>";
		};
/* End PBXGroup section */

/* Begin PBXNativeTarget section */
		E5D8EFBA285B0F9F000C47E4 /* MacApp */ = {
			isa = PBXNativeTarget;
			buildConfigurationList = E5D8EFCE285B0FA2000C47E4 /* Build configuration list for PBXNativeTarget "MacApp" */;
			buildPhases = (
				A53D3EA20EC198FD0DD176AA /* [CP] Check Pods Manifest.lock */,
				E5D8EFB7285B0F9F000C47E4 /* Sources */,
				E5D8EFB8285B0F9F000C47E4 /* Frameworks */,
				E5D8EFB9285B0F9F000C47E4 /* Resources */,
				20FE20BC2AA754BEF0A7A1FA /* [CP] Embed Pods Frameworks */,
			);
			buildRules = (
			);
			dependencies = (
			);
			name = MacApp;
			productName = MacApp;
			productReference = E5D8EFBB285B0F9F000C47E4 /* MacApp.app */;
			productType = "com.apple.product-type.application";
		};
/* End PBXNativeTarget section */

/* Begin PBXProject section */
		E5D8EFB3285B0F9F000C47E4 /* Project object */ = {
			isa = PBXProject;
			attributes = {
				BuildIndependentTargetsInParallel = 1;
				LastUpgradeCheck = 1330;
				TargetAttributes = {
					E5D8EFBA285B0F9F000C47E4 = {
						CreatedOnToolsVersion = 13.3.1;
					};
				};
			};
			buildConfigurationList = E5D8EFB6285B0F9F000C47E4 /* Build configuration list for PBXProject "MacApp" */;
			compatibilityVersion = "Xcode 13.0";
			developmentRegion = en;
			hasScannedForEncodings = 0;
			knownRegions = (
				en,
				Base,
			);
			mainGroup = E5D8EFB2285B0F9F000C47E4;
			productRefGroup = E5D8EFBC285B0F9F000C47E4 /* Products */;
			projectDirPath = "";
			projectRoot = "";
			targets = (
				E5D8EFBA285B0F9F000C47E4 /* MacApp */,
			);
		};
/* End PBXProject section */

/* Begin PBXResourcesBuildPhase section */
		E5D8EFB9285B0F9F000C47E4 /* Resources */ = {
			isa = PBXResourcesBuildPhase;
			buildActionMask = 2147483647;
			files = (
				E5D8EFC5285B0FA2000C47E4 /* Assets.xcassets in Resources */,
				E5D8EFC8285B0FA2000C47E4 /* Main.storyboard in Resources */,
				E59E69442864798F00DBD64E /* Info.plist in Resources */,
			);
			runOnlyForDeploymentPostprocessing = 0;
		};
/* End PBXResourcesBuildPhase section */

/* Begin PBXShellScriptBuildPhase section */
		20FE20BC2AA754BEF0A7A1FA /* [CP] Embed Pods Frameworks */ = {
			isa = PBXShellScriptBuildPhase;
			buildActionMask = 2147483647;
			files = (
			);
			inputFileListPaths = (
				"${PODS_ROOT}/Target Support Files/Pods-MacApp/Pods-MacApp-frameworks-${CONFIGURATION}-input-files.xcfilelist",
			);
			name = "[CP] Embed Pods Frameworks";
			outputFileListPaths = (
				"${PODS_ROOT}/Target Support Files/Pods-MacApp/Pods-MacApp-frameworks-${CONFIGURATION}-output-files.xcfilelist",
			);
			runOnlyForDeploymentPostprocessing = 0;
			shellPath = /bin/sh;
			shellScript = "\"${PODS_ROOT}/Target Support Files/Pods-MacApp/Pods-MacApp-frameworks.sh\"\n";
			showEnvVarsInLog = 0;
		};
		A53D3EA20EC198FD0DD176AA /* [CP] Check Pods Manifest.lock */ = {
			isa = PBXShellScriptBuildPhase;
			buildActionMask = 2147483647;
			files = (
			);
			inputFileListPaths = (
			);
			inputPaths = (
				"${PODS_PODFILE_DIR_PATH}/Podfile.lock",
				"${PODS_ROOT}/Manifest.lock",
			);
			name = "[CP] Check Pods Manifest.lock";
			outputFileListPaths = (
			);
			outputPaths = (
				"$(DERIVED_FILE_DIR)/Pods-MacApp-checkManifestLockResult.txt",
			);
			runOnlyForDeploymentPostprocessing = 0;
			shellPath = /bin/sh;
			shellScript = "diff \"${PODS_PODFILE_DIR_PATH}/Podfile.lock\" \"${PODS_ROOT}/Manifest.lock\" > /dev/null\nif [ $? != 0 ] ; then\n    # print error to STDERR\n    echo \"error: The sandbox is not in sync with the Podfile.lock. Run 'pod install' or update your CocoaPods installation.\" >&2\n    exit 1\nfi\n# This output is used by Xcode 'outputs' to avoid re-running this script phase.\necho \"SUCCESS\" > \"${SCRIPT_OUTPUT_FILE_0}\"\n";
			showEnvVarsInLog = 0;
		};
/* End PBXShellScriptBuildPhase section */

/* Begin PBXSourcesBuildPhase section */
		E5D8EFB7285B0F9F000C47E4 /* Sources */ = {
			isa = PBXSourcesBuildPhase;
			buildActionMask = 2147483647;
			files = (
				E5340B4F2864001A008F27F2 /* NoticeView.m in Sources */,
				E5D8EFE5285B187A000C47E4 /* VTMP4Encoder.m in Sources */,
				E5D8EFD7285B0FB3000C47E4 /* ViewController.m in Sources */,
				E5D8EFCA285B0FA2000C47E4 /* main.m in Sources */,
				E5D8EFD8285B0FB3000C47E4 /* AppDelegate.m in Sources */,
				E5D8EFE2285B1760000C47E4 /* VTSimplePlayer.m in Sources */,
				E5D8EFD9285B0FB3000C47E4 /* SystemPrivacyManager.m in Sources */,
			);
			runOnlyForDeploymentPostprocessing = 0;
		};
/* End PBXSourcesBuildPhase section */

/* Begin PBXVariantGroup section */
		E5D8EFC6285B0FA2000C47E4 /* Main.storyboard */ = {
			isa = PBXVariantGroup;
			children = (
				E5D8EFC7285B0FA2000C47E4 /* Base */,
			);
			name = Main.storyboard;
			sourceTree = "<group>";
		};
/* End PBXVariantGroup section */

/* Begin XCBuildConfiguration section */
		E5D8EFCC285B0FA2000C47E4 /* Debug */ = {
			isa = XCBuildConfiguration;
			buildSettings = {
				ALWAYS_SEARCH_USER_PATHS = NO;
				CLANG_ANALYZER_NONNULL = YES;
				CLANG_ANALYZER_NUMBER_OBJECT_CONVERSION = YES_AGGRESSIVE;
				CLANG_CXX_LANGUAGE_STANDARD = "gnu++17";
				CLANG_ENABLE_MODULES = YES;
				CLANG_ENABLE_OBJC_ARC = YES;
				CLANG_ENABLE_OBJC_WEAK = YES;
				CLANG_WARN_BLOCK_CAPTURE_AUTORELEASING = YES;
				CLANG_WARN_BOOL_CONVERSION = YES;
				CLANG_WARN_COMMA = YES;
				CLANG_WARN_CONSTANT_CONVERSION = YES;
				CLANG_WARN_DEPRECATED_OBJC_IMPLEMENTATIONS = YES;
				CLANG_WARN_DIRECT_OBJC_ISA_USAGE = YES_ERROR;
				CLANG_WARN_DOCUMENTATION_COMMENTS = YES;
				CLANG_WARN_EMPTY_BODY = YES;
				CLANG_WARN_ENUM_CONVERSION = YES;
				CLANG_WARN_INFINITE_RECURSION = YES;
				CLANG_WARN_INT_CONVERSION = YES;
				CLANG_WARN_NON_LITERAL_NULL_CONVERSION = YES;
				CLANG_WARN_OBJC_IMPLICIT_RETAIN_SELF = YES;
				CLANG_WARN_OBJC_LITERAL_CONVERSION = YES;
				CLANG_WARN_OBJC_ROOT_CLASS = YES_ERROR;
				CLANG_WARN_QUOTED_INCLUDE_IN_FRAMEWORK_HEADER = YES;
				CLANG_WARN_RANGE_LOOP_ANALYSIS = YES;
				CLANG_WARN_STRICT_PROTOTYPES = YES;
				CLANG_WARN_SUSPICIOUS_MOVE = YES;
				CLANG_WARN_UNGUARDED_AVAILABILITY = YES_AGGRESSIVE;
				CLANG_WARN_UNREACHABLE_CODE = YES;
				CLANG_WARN__DUPLICATE_METHOD_MATCH = YES;
				COPY_PHASE_STRIP = NO;
				DEBUG_INFORMATION_FORMAT = dwarf;
				ENABLE_STRICT_OBJC_MSGSEND = YES;
				ENABLE_TESTABILITY = YES;
				GCC_C_LANGUAGE_STANDARD = gnu11;
				GCC_DYNAMIC_NO_PIC = NO;
				GCC_NO_COMMON_BLOCKS = YES;
				GCC_OPTIMIZATION_LEVEL = 0;
				GCC_PREPROCESSOR_DEFINITIONS = (
					"DEBUG=1",
					"$(inherited)",
				);
				GCC_WARN_64_TO_32_BIT_CONVERSION = YES;
				GCC_WARN_ABOUT_RETURN_TYPE = YES_ERROR;
				GCC_WARN_UNDECLARED_SELECTOR = YES;
				GCC_WARN_UNINITIALIZED_AUTOS = YES_AGGRESSIVE;
				GCC_WARN_UNUSED_FUNCTION = YES;
				GCC_WARN_UNUSED_VARIABLE = YES;
				MACOSX_DEPLOYMENT_TARGET = 11.0;
				MTL_ENABLE_DEBUG_INFO = INCLUDE_SOURCE;
				MTL_FAST_MATH = YES;
				ONLY_ACTIVE_ARCH = YES;
				SDKROOT = macosx;
			};
			name = Debug;
		};
		E5D8EFCD285B0FA2000C47E4 /* Release */ = {
			isa = XCBuildConfiguration;
			buildSettings = {
				ALWAYS_SEARCH_USER_PATHS = NO;
				CLANG_ANALYZER_NONNULL = YES;
				CLANG_ANALYZER_NUMBER_OBJECT_CONVERSION = YES_AGGRESSIVE;
				CLANG_CXX_LANGUAGE_STANDARD = "gnu++17";
				CLANG_ENABLE_MODULES = YES;
				CLANG_ENABLE_OBJC_ARC = YES;
				CLANG_ENABLE_OBJC_WEAK = YES;
				CLANG_WARN_BLOCK_CAPTURE_AUTORELEASING = YES;
				CLANG_WARN_BOOL_CONVERSION = YES;
				CLANG_WARN_COMMA = YES;
				CLANG_WARN_CONSTANT_CONVERSION = YES;
				CLANG_WARN_DEPRECATED_OBJC_IMPLEMENTATIONS = YES;
				CLANG_WARN_DIRECT_OBJC_ISA_USAGE = YES_ERROR;
				CLANG_WARN_DOCUMENTATION_COMMENTS = YES;
				CLANG_WARN_EMPTY_BODY = YES;
				CLANG_WARN_ENUM_CONVERSION = YES;
				CLANG_WARN_INFINITE_RECURSION = YES;
				CLANG_WARN_INT_CONVERSION = YES;
				CLANG_WARN_NON_LITERAL_NULL_CONVERSION = YES;
				CLANG_WARN_OBJC_IMPLICIT_RETAIN_SELF = YES;
				CLANG_WARN_OBJC_LITERAL_CONVERSION = YES;
				CLANG_WARN_OBJC_ROOT_CLASS = YES_ERROR;
				CLANG_WARN_QUOTED_INCLUDE_IN_FRAMEWORK_HEADER = YES;
				CLANG_WARN_RANGE_LOOP_ANALYSIS = YES;
				CLANG_WARN_STRICT_PROTOTYPES = YES;
				CLANG_WARN_SUSPICIOUS_MOVE = YES;
				CLANG_WARN_UNGUARDED_AVAILABILITY = YES_AGGRESSIVE;
				CLANG_WARN_UNREACHABLE_CODE = YES;
				CLANG_WARN__DUPLICATE_METHOD_MATCH = YES;
				COPY_PHASE_STRIP = NO;
				DEBUG_INFORMATION_FORMAT = "dwarf-with-dsym";
				ENABLE_NS_ASSERTIONS = NO;
				ENABLE_STRICT_OBJC_MSGSEND = YES;
				GCC_C_LANGUAGE_STANDARD = gnu11;
				GCC_NO_COMMON_BLOCKS = YES;
				GCC_WARN_64_TO_32_BIT_CONVERSION = YES;
				GCC_WARN_ABOUT_RETURN_TYPE = YES_ERROR;
				GCC_WARN_UNDECLARED_SELECTOR = YES;
				GCC_WARN_UNINITIALIZED_AUTOS = YES_AGGRESSIVE;
				GCC_WARN_UNUSED_FUNCTION = YES;
				GCC_WARN_UNUSED_VARIABLE = YES;
				MACOSX_DEPLOYMENT_TARGET = 11.0;
				MTL_ENABLE_DEBUG_INFO = NO;
				MTL_FAST_MATH = YES;
				SDKROOT = macosx;
			};
			name = Release;
		};
		E5D8EFCF285B0FA2000C47E4 /* Debug */ = {
			isa = XCBuildConfiguration;
			baseConfigurationReference = 5585C98DDD5F418BFD2151F1 /* Pods-MacApp.debug.xcconfig */;
			buildSettings = {
				ASSETCATALOG_COMPILER_APPICON_NAME = AppIcon;
				ASSETCATALOG_COMPILER_GLOBAL_ACCENT_COLOR_NAME = AccentColor;
				CODE_SIGN_ENTITLEMENTS = MacApp/MacApp.entitlements;
				CODE_SIGN_STYLE = Automatic;
				COMBINE_HIDPI_IMAGES = YES;
				CURRENT_PROJECT_VERSION = 1.0.0;
				DEVELOPMENT_TEAM = DK7AP8JG8Z;
				ENABLE_HARDENED_RUNTIME = YES;
				GENERATE_INFOPLIST_FILE = YES;
				INFOPLIST_FILE = MacApp/Info.plist;
				INFOPLIST_KEY_LSApplicationCategoryType = "public.app-category.education";
				INFOPLIST_KEY_NSCameraUsageDescription = "学培课堂需要您的同意才能访问摄像头";
				INFOPLIST_KEY_NSHumanReadableCopyright = "";
				INFOPLIST_KEY_NSMainStoryboardFile = Main;
				INFOPLIST_KEY_NSMicrophoneUsageDescription = "学培课堂需要您的同意才能访问麦克风";
				INFOPLIST_KEY_NSPrincipalClass = NSApplication;
				LD_RUNPATH_SEARCH_PATHS = (
					"$(inherited)",
					"@executable_path/../Frameworks",
				);
				MACOSX_DEPLOYMENT_TARGET = 11.0;
				MARKETING_VERSION = 1.0.0;
				PRODUCT_BUNDLE_IDENTIFIER = "LanShanTech.Mac-App";
				PRODUCT_NAME = "$(TARGET_NAME)";
				SWIFT_EMIT_LOC_STRINGS = YES;
			};
			name = Debug;
		};
		E5D8EFD0285B0FA2000C47E4 /* Release */ = {
			isa = XCBuildConfiguration;
			baseConfigurationReference = 59543FC2C9E6DFE0E136A1E6 /* Pods-MacApp.release.xcconfig */;
			buildSettings = {
				ASSETCATALOG_COMPILER_APPICON_NAME = AppIcon;
				ASSETCATALOG_COMPILER_GLOBAL_ACCENT_COLOR_NAME = AccentColor;
				CODE_SIGN_ENTITLEMENTS = MacApp/MacApp.entitlements;
				CODE_SIGN_STYLE = Automatic;
				COMBINE_HIDPI_IMAGES = YES;
				CURRENT_PROJECT_VERSION = 1.0.0;
				DEVELOPMENT_TEAM = DK7AP8JG8Z;
				ENABLE_HARDENED_RUNTIME = YES;
				GENERATE_INFOPLIST_FILE = YES;
				INFOPLIST_FILE = MacApp/Info.plist;
				INFOPLIST_KEY_LSApplicationCategoryType = "public.app-category.education";
				INFOPLIST_KEY_NSCameraUsageDescription = "学培课堂需要您的同意才能访问摄像头";
				INFOPLIST_KEY_NSHumanReadableCopyright = "";
				INFOPLIST_KEY_NSMainStoryboardFile = Main;
				INFOPLIST_KEY_NSMicrophoneUsageDescription = "学培课堂需要您的同意才能访问麦克风";
				INFOPLIST_KEY_NSPrincipalClass = NSApplication;
				LD_RUNPATH_SEARCH_PATHS = (
					"$(inherited)",
					"@executable_path/../Frameworks",
				);
				MACOSX_DEPLOYMENT_TARGET = 11.0;
				MARKETING_VERSION = 1.0.0;
				PRODUCT_BUNDLE_IDENTIFIER = "LanShanTech.Mac-App";
				PRODUCT_NAME = "$(TARGET_NAME)";
				SWIFT_EMIT_LOC_STRINGS = YES;
			};
			name = Release;
		};
/* End XCBuildConfiguration section */

/* Begin XCConfigurationList section */
		E5D8EFB6285B0F9F000C47E4 /* Build configuration list for PBXProject "MacApp" */ = {
			isa = XCConfigurationList;
			buildConfigurations = (
				E5D8EFCC285B0FA2000C47E4 /* Debug */,
				E5D8EFCD285B0FA2000C47E4 /* Release */,
			);
			defaultConfigurationIsVisible = 0;
			defaultConfigurationName = Release;
		};
		E5D8EFCE285B0FA2000C47E4 /* Build configuration list for PBXNativeTarget "MacApp" */ = {
			isa = XCConfigurationList;
			buildConfigurations = (
				E5D8EFCF285B0FA2000C47E4 /* Debug */,
				E5D8EFD0285B0FA2000C47E4 /* Release */,
			);
			defaultConfigurationIsVisible = 0;
			defaultConfigurationName = Release;
		};
/* End XCConfigurationList section */
	};
	rootObject = E5D8EFB3285B0F9F000C47E4 /* Project object */;
}
